// !$*UTF8*$!
{
	archiveVersion = 1;
	classes = {
	};
	objectVersion = 48;
	objects = {

/* Begin PBXBuildFile section */
		849475A720A292A400E0434A /* AppDelegate.swift in Sources */ = {isa = PBXBuildFile; fileRef = 849475A620A292A400E0434A /* AppDelegate.swift */; };
		849475A920A292A400E0434A /* ViewController.swift in Sources */ = {isa = PBXBuildFile; fileRef = 849475A820A292A400E0434A /* ViewController.swift */; };
		849475AC20A292A400E0434A /* Main.storyboard in Resources */ = {isa = PBXBuildFile; fileRef = 849475AA20A292A400E0434A /* Main.storyboard */; };
		849475AF20A292A400E0434A /* DemoFetchRequestCoreData.xcdatamodeld in Sources */ = {isa = PBXBuildFile; fileRef = 849475AD20A292A400E0434A /* DemoFetchRequestCoreData.xcdatamodeld */; };
		849475B120A292A400E0434A /* Assets.xcassets in Resources */ = {isa = PBXBuildFile; fileRef = 849475B020A292A400E0434A /* Assets.xcassets */; };
		849475B420A292A400E0434A /* LaunchScreen.storyboard in Resources */ = {isa = PBXBuildFile; fileRef = 849475B220A292A400E0434A /* LaunchScreen.storyboard */; };
/* End PBXBuildFile section */

/* Begin PBXFileReference section */
		849475A320A292A400E0434A /* DemoFetchRequestCoreData.app */ = {isa = PBXFileReference; explicitFileType = wrapper.application; includeInIndex = 0; path = DemoFetchRequestCoreData.app; sourceTree = BUILT_PRODUCTS_DIR; };
		849475A620A292A400E0434A /* AppDelegate.swift */ = {isa = PBXFileReference; lastKnownFileType = sourcecode.swift; path = AppDelegate.swift; sourceTree = "<group>"; };
		849475A820A292A400E0434A /* ViewController.swift */ = {isa = PBXFileReference; lastKnownFileType = sourcecode.swift; path = ViewController.swift; sourceTree = "<group>"; };
		849475AB20A292A400E0434A /* Base */ = {isa = PBXFileReference; lastKnownFileType = file.storyboard; name = Base; path = Base.lproj/Main.storyboard; sourceTree = "<group>"; };
		849475AE20A292A400E0434A /* DemoFetchRequestCoreData.xcdatamodel */ = {isa = PBXFileReference; lastKnownFileType = wrapper.xcdatamodel; path = DemoFetchRequestCoreData.xcdatamodel; sourceTree = "<group>"; };
		849475B020A292A400E0434A /* Assets.xcassets */ = {isa = PBXFileReference; lastKnownFileType = folder.assetcatalog; path = Assets.xcassets; sourceTree = "<group>"; };
		849475B320A292A400E0434A /* Base */ = {isa = PBXFileReference; lastKnownFileType = file.storyboard; name = Base; path = Base.lproj/LaunchScreen.storyboard; sourceTree = "<group>"; };
		849475B520A292A400E0434A /* Info.plist */ = {isa = PBXFileReference; lastKnownFileType = text.plist.xml; path = Info.plist; sourceTree = "<group>"; };
/* End PBXFileReference section */

/* Begin PBXFrameworksBuildPhase section */
		849475A020A292A400E0434A /* Frameworks */ = {
			isa = PBXFrameworksBuildPhase;
			buildActionMask = 2147483647;
			files = (
			);
			runOnlyForDeploymentPostprocessing = 0;
		};
/* End PBXFrameworksBuildPhase section */

/* Begin PBXGroup section */
		8494759A20A292A400E0434A = {
			isa = PBXGroup;
			children = (
				849475A520A292A400E0434A /* DemoFetchRequestCoreData */,
				849475A420A292A400E0434A /* Products */,
			);
			sourceTree = "<group>";
		};
		849475A420A292A400E0434A /* Products */ = {
			isa = PBXGroup;
			children = (
				849475A320A292A400E0434A /* DemoFetchRequestCoreData.app */,
			);
			name = Products;
			sourceTree = "<group>";
		};
		849475A520A292A400E0434A /* DemoFetchRequestCoreData */ = {
			isa = PBXGroup;
			children = (
				849475A620A292A400E0434A /* AppDelegate.swift */,
				849475A820A292A400E0434A /* ViewController.swift */,
				849475AA20A292A400E0434A /* Main.storyboard */,
				849475B020A292A400E0434A /* Assets.xcassets */,
				849475B220A292A400E0434A /* LaunchScreen.storyboard */,
				849475B520A292A400E0434A /* Info.plist */,
				849475AD20A292A400E0434A /* DemoFetchRequestCoreData.xcdatamodeld */,
			);
			path = DemoFetchRequestCoreData;
			sourceTree = "<group>";
		};
/* End PBXGroup section */

/* Begin PBXNativeTarget section */
		849475A220A292A400E0434A /* DemoFetchRequestCoreData */ = {
			isa = PBXNativeTarget;
			buildConfigurationList = 849475B820A292A400E0434A /* Build configuration list for PBXNativeTarget "DemoFetchRequestCoreData" */;
			buildPhases = (
				8494759F20A292A400E0434A /* Sources */,
				849475A020A292A400E0434A /* Frameworks */,
				849475A120A292A400E0434A /* Resources */,
			);
			buildRules = (
			);
			dependencies = (
			);
			name = DemoFetchRequestCoreData;
			productName = DemoFetchRequestCoreData;
			productReference = 849475A320A292A400E0434A /* DemoFetchRequestCoreData.app */;
			productType = "com.apple.product-type.application";
		};
/* End PBXNativeTarget section */

/* Begin PBXProject section */
		8494759B20A292A400E0434A /* Project object */ = {
			isa = PBXProject;
			attributes = {
				LastSwiftUpdateCheck = 0920;
				LastUpgradeCheck = 0920;
				ORGANIZATIONNAME = "Tran Ngoc Nam";
				TargetAttributes = {
					849475A220A292A400E0434A = {
						CreatedOnToolsVersion = 9.2;
						ProvisioningStyle = Automatic;
					};
				};
			};
			buildConfigurationList = 8494759E20A292A400E0434A /* Build configuration list for PBXProject "DemoFetchRequestCoreData" */;
			compatibilityVersion = "Xcode 8.0";
			developmentRegion = en;
			hasScannedForEncodings = 0;
			knownRegions = (
				en,
				Base,
			);
			mainGroup = 8494759A20A292A400E0434A;
			productRefGroup = 849475A420A292A400E0434A /* Products */;
			projectDirPath = "";
			projectRoot = "";
			targets = (
				849475A220A292A400E0434A /* DemoFetchRequestCoreData */,
			);
		};
/* End PBXProject section */

/* Begin PBXResourcesBuildPhase section */
		849475A120A292A400E0434A /* Resources */ = {
			isa = PBXResourcesBuildPhase;
			buildActionMask = 2147483647;
			files = (
				849475B420A292A400E0434A /* LaunchScreen.storyboard in Resources */,
				849475B120A292A400E0434A /* Assets.xcassets in Resources */,
				849475AC20A292A400E0434A /* Main.storyboard in Resources */,
			);
			runOnlyForDeploymentPostprocessing = 0;
		};
/* End PBXResourcesBuildPhase section */

/* Begin PBXSourcesBuildPhase section */
		8494759F20A292A400E0434A /* Sources */ = {
			isa = PBXSourcesBuildPhase;
			buildActionMask = 2147483647;
			files = (
				849475AF20A292A400E0434A /* DemoFetchRequestCoreData.xcdatamodeld in Sources */,
				849475A920A292A400E0434A /* ViewController.swift in Sources */,
				849475A720A292A400E0434A /* AppDelegate.swift in Sources */,
			);
			runOnlyForDeploymentPostprocessing = 0;
		};
/* End PBXSourcesBuildPhase section */

/* Begin PBXVariantGroup section */
		849475AA20A292A400E0434A /* Main.storyboard */ = {
			isa = PBXVariantGroup;
			children = (
				849475AB20A292A400E0434A /* Base */,
			);
			name = Main.storyboard;
			sourceTree = "<group>";
		};
		849475B220A292A400E0434A /* LaunchScreen.storyboard */ = {
			isa = PBXVariantGroup;
			children = (
				849475B320A292A400E0434A /* Base */,
			);
			name = LaunchScreen.storyboard;
			sourceTree = "<group>";
		};
/* End PBXVariantGroup section */

/* Begin XCBuildConfiguration section */
		849475B620A292A400E0434A /* Debug */ = {
			isa = XCBuildConfiguration;
			buildSettings = {
				ALWAYS_SEARCH_USER_PATHS = NO;
				CLANG_ANALYZER_NONNULL = YES;
				CLANG_ANALYZER_NUMBER_OBJECT_CONVERSION = YES_AGGRESSIVE;
				CLANG_CXX_LANGUAGE_STANDARD = "gnu++14";
				CLANG_CXX_LIBRARY = "libc++";
				CLANG_ENABLE_MODULES = YES;
				CLANG_ENABLE_OBJC_ARC = YES;
				CLANG_WARN_BLOCK_CAPTURE_AUTORELEASING = YES;
				CLANG_WARN_BOOL_CONVERSION = YES;
				CLANG_WARN_COMMA = YES;
				CLANG_WARN_CONSTANT_CONVERSION = YES;
				CLANG_WARN_DIRECT_OBJC_ISA_USAGE = YES_ERROR;
				CLANG_WARN_DOCUMENTATION_COMMENTS = YES;
				CLANG_WARN_EMPTY_BODY = YES;
				CLANG_WARN_ENUM_CONVERSION = YES;
				CLANG_WARN_INFINITE_RECURSION = YES;
				CLANG_WARN_INT_CONVERSION = YES;
				CLANG_WARN_NON_LITERAL_NULL_CONVERSION = YES;
				CLANG_WARN_OBJC_LITERAL_CONVERSION = YES;
				CLANG_WARN_OBJC_ROOT_CLASS = YES_ERROR;
				CLANG_WARN_RANGE_LOOP_ANALYSIS = YES;
				CLANG_WARN_STRICT_PROTOTYPES = YES;
				CLANG_WARN_SUSPICIOUS_MOVE = YES;
				CLANG_WARN_UNGUARDED_AVAILABILITY = YES_AGGRESSIVE;
				CLANG_WARN_UNREACHABLE_CODE = YES;
				CLANG_WARN__DUPLICATE_METHOD_MATCH = YES;
				CODE_SIGN_IDENTITY = "iPhone Developer";
				COPY_PHASE_STRIP = NO;
				DEBUG_INFORMATION_FORMAT = dwarf;
				ENABLE_STRICT_OBJC_MSGSEND = YES;
				ENABLE_TESTABILITY = YES;
				GCC_C_LANGUAGE_STANDARD = gnu11;
				GCC_DYNAMIC_NO_PIC = NO;
				GCC_NO_COMMON_BLOCKS = YES;
				GCC_OPTIMIZATION_LEVEL = 0;
				GCC_PREPROCESSOR_DEFINITIONS = (
					"DEBUG=1",
					"$(inherited)",
				);
				GCC_WARN_64_TO_32_BIT_CONVERSION = YES;
				GCC_WARN_ABOUT_RETURN_TYPE = YES_ERROR;
				GCC_WARN_UNDECLARED_SELECTOR = YES;
				GCC_WARN_UNINITIALIZED_AUTOS = YES_AGGRESSIVE;
				GCC_WARN_UNUSED_FUNCTION = YES;
				GCC_WARN_UNUSED_VARIABLE = YES;
				IPHONEOS_DEPLOYMENT_TARGET = 11.2;
				MTL_ENABLE_DEBUG_INFO = YES;
				ONLY_ACTIVE_ARCH = YES;
				SDKROOT = iphoneos;
				SWIFT_ACTIVE_COMPILATION_CONDITIONS = DEBUG;
				SWIFT_OPTIMIZATION_LEVEL = "-Onone";
			};
			name = Debug;
		};
		849475B720A292A400E0434A /* Release */ = {
			isa = XCBuildConfiguration;
			buildSettings = {
				ALWAYS_SEARCH_USER_PATHS = NO;
				CLANG_ANALYZER_NONNULL = YES;
				CLANG_ANALYZER_NUMBER_OBJECT_CONVERSION = YES_AGGRESSIVE;
				CLANG_CXX_LANGUAGE_STANDARD = "gnu++14";
				CLANG_CXX_LIBRARY = "libc++";
				CLANG_ENABLE_MODULES = YES;
				CLANG_ENABLE_OBJC_ARC = YES;
				CLANG_WARN_BLOCK_CAPTURE_AUTORELEASING = YES;
				CLANG_WARN_BOOL_CONVERSION = YES;
				CLANG_WARN_COMMA = YES;
				CLANG_WARN_CONSTANT_CONVERSION = YES;
				CLANG_WARN_DIRECT_OBJC_ISA_USAGE = YES_ERROR;
				CLANG_WARN_DOCUMENTATION_COMMENTS = YES;
				CLANG_WARN_EMPTY_BODY = YES;
				CLANG_WARN_ENUM_CONVERSION = YES;
				CLANG_WARN_INFINITE_RECURSION = YES;
				CLANG_WARN_INT_CONVERSION = YES;
				CLANG_WARN_NON_LITERAL_NULL_CONVERSION = YES;
				CLANG_WARN_OBJC_LITERAL_CONVERSION = YES;
				CLANG_WARN_OBJC_ROOT_CLASS = YES_ERROR;
				CLANG_WARN_RANGE_LOOP_ANALYSIS = YES;
				CLANG_WARN_STRICT_PROTOTYPES = YES;
				CLANG_WARN_SUSPICIOUS_MOVE = YES;
				CLANG_WARN_UNGUARDED_AVAILABILITY = YES_AGGRESSIVE;
				CLANG_WARN_UNREACHABLE_CODE = YES;
				CLANG_WARN__DUPLICATE_METHOD_MATCH = YES;
				CODE_SIGN_IDENTITY = "iPhone Developer";
				COPY_PHASE_STRIP = NO;
				DEBUG_INFORMATION_FORMAT = "dwarf-with-dsym";
				ENABLE_NS_ASSERTIONS = NO;
				ENABLE_STRICT_OBJC_MSGSEND = YES;
				GCC_C_LANGUAGE_STANDARD = gnu11;
				GCC_NO_COMMON_BLOCKS = YES;
				GCC_WARN_64_TO_32_BIT_CONVERSION = YES;
				GCC_WARN_ABOUT_RETURN_TYPE = YES_ERROR;
				GCC_WARN_UNDECLARED_SELECTOR = YES;
				GCC_WARN_UNINITIALIZED_AUTOS = YES_AGGRESSIVE;
				GCC_WARN_UNUSED_FUNCTION = YES;
				GCC_WARN_UNUSED_VARIABLE = YES;
				IPHONEOS_DEPLOYMENT_TARGET = 11.2;
				MTL_ENABLE_DEBUG_INFO = NO;
				SDKROOT = iphoneos;
				SWIFT_OPTIMIZATION_LEVEL = "-Owholemodule";
				VALIDATE_PRODUCT = YES;
			};
			name = Release;
		};
		849475B920A292A400E0434A /* Debug */ = {
			isa = XCBuildConfiguration;
			buildSettings = {
				ASSETCATALOG_COMPILER_APPICON_NAME = AppIcon;
				CODE_SIGN_STYLE = Automatic;
				INFOPLIST_FILE = DemoFetchRequestCoreData/Info.plist;
				LD_RUNPATH_SEARCH_PATHS = "$(inherited) @executable_path/Frameworks";
				PRODUCT_BUNDLE_IDENTIFIER = com.example.DemoFetchRequestCoreData;
				PRODUCT_NAME = "$(TARGET_NAME)";
				SWIFT_VERSION = 4.0;
				TARGETED_DEVICE_FAMILY = "1,2";
			};
			name = Debug;
		};
		849475BA20A292A400E0434A /* Release */ = {
			isa = XCBuildConfiguration;
			buildSettings = {
				ASSETCATALOG_COMPILER_APPICON_NAME = AppIcon;
				CODE_SIGN_STYLE = Automatic;
				INFOPLIST_FILE = DemoFetchRequestCoreData/Info.plist;
				LD_RUNPATH_SEARCH_PATHS = "$(inherited) @executable_path/Frameworks";
				PRODUCT_BUNDLE_IDENTIFIER = com.example.DemoFetchRequestCoreData;
				PRODUCT_NAME = "$(TARGET_NAME)";
				SWIFT_VERSION = 4.0;
				TARGETED_DEVICE_FAMILY = "1,2";
			};
			name = Release;
		};
/* End XCBuildConfiguration section */

/* Begin XCConfigurationList section */
		8494759E20A292A400E0434A /* Build configuration list for PBXProject "DemoFetchRequestCoreData" */ = {
			isa = XCConfigurationList;
			buildConfigurations = (
				849475B620A292A400E0434A /* Debug */,
				849475B720A292A400E0434A /* Release */,
			);
			defaultConfigurationIsVisible = 0;
			defaultConfigurationName = Release;
		};
		849475B820A292A400E0434A /* Build configuration list for PBXNativeTarget "DemoFetchRequestCoreData" */ = {
			isa = XCConfigurationList;
			buildConfigurations = (
				849475B920A292A400E0434A /* Debug */,
				849475BA20A292A400E0434A /* Release */,
			);
			defaultConfigurationIsVisible = 0;
			defaultConfigurationName = Release;
		};
/* End XCConfigurationList section */

/* Begin XCVersionGroup section */
		849475AD20A292A400E0434A /* DemoFetchRequestCoreData.xcdatamodeld */ = {
			isa = XCVersionGroup;
			children = (
				849475AE20A292A400E0434A /* DemoFetchRequestCoreData.xcdatamodel */,
			);
			currentVersion = 849475AE20A292A400E0434A /* DemoFetchRequestCoreData.xcdatamodel */;
			path = DemoFetchRequestCoreData.xcdatamodeld;
			sourceTree = "<group>";
			versionGroupType = wrapper.xcdatamodel;
		};
/* End XCVersionGroup section */
	};
	rootObject = 8494759B20A292A400E0434A /* Project object */;
}
